
Microsoft Visual Studio Solution File, Format Version 12.00
# Visual Studio 15
VisualStudioVersion = 15.0.27428.2015
MinimumVisualStudioVersion = 10.0.40219.1
Project("{FAE04EC0-301F-11D3-BF4B-00C04F79EFBC}") = "MyLeftClicker", "MyLeftClicker.csproj", "{A541AF70-45E7-4B27-B4FC-640FB3471D42}"
EndProject
Global
	GlobalSection(SolutionConfigurationPlatforms) = preSolution
		Debug|Any CPU = Debug|Any CPU
		Release|Any CPU = Release|Any CPU
	EndGlobalSection
	GlobalSection(ProjectConfigurationPlatforms) = postSolution
		{A541AF70-45E7-4B27-B4FC-640FB3471D42}.Debug|Any CPU.ActiveCfg = Debug|Any CPU
		{A541AF70-45E7-4B27-B4FC-640FB3471D42}.Debug|Any CPU.Build.0 = Debug|Any CPU
		{A541AF70-45E7-4B27-B4FC-640FB3471D42}.Release|Any CPU.ActiveCfg = Release|Any CPU
		{A541AF70-45E7-4B27-B4FC-640FB3471D42}.Release|Any CPU.Build.0 = Release|Any CPU
	EndGlobalSection
	GlobalSection(SolutionProperties) = preSolution
		HideSolutionNode = FALSE
	EndGlobalSection
	GlobalSection(ExtensibilityGlobals) = postSolution
		SolutionGuid = {C5AFF351-2DDF-49FB-AE2B-0EEF46BC61E0}
	EndGlobalSection
EndGlobal
